version = 1
revision = 1
requires-python = "==3.10.13"

[[package]]
name = "beautifulsoup4"
version = "4.12.2"
source = { registry = "https://pypi.org/simple" }
dependencies = [
    { name = "soupsieve" },
]
sdist = { url = "https://files.pythonhosted.org/packages/af/0b/44c39cf3b18a9280950ad63a579ce395dda4c32193ee9da7ff0aed547094/beautifulsoup4-4.12.2.tar.gz", hash = "sha256:492bbc69dca35d12daac71c4db1bfff0c876c00ef4a2ffacce226d4638eb72da", size = 505113 }
wheels = [
    { url = "https://files.pythonhosted.org/packages/57/f4/a69c20ee4f660081a7dedb1ac57f29be9378e04edfcb90c526b923d4bebc/beautifulsoup4-4.12.2-py3-none-any.whl", hash = "sha256:bd2520ca0d9d7d12694a53d44ac482d181b4ec1888909b035a3dbf40d0f57d4a", size = 142979 },
]

[[package]]
name = "click"
version = "8.3.0"
source = { registry = "https://pypi.org/simple" }
dependencies = [
    { name = "colorama", marker = "sys_platform == 'win32'" },
]
sdist = { url = "https://files.pythonhosted.org/packages/46/61/de6cd827efad202d7057d93e0fed9294b96952e188f7384832791c7b2254/click-8.3.0.tar.gz", hash = "sha256:e7b8232224eba16f4ebe410c25ced9f7875cb5f3263ffc93cc3e8da705e229c4", size = 276943 }
wheels = [
    { url = "https://files.pythonhosted.org/packages/db/d3/9dcc0f5797f070ec8edf30fbadfb200e71d9db6b84d211e3b2085a7589a0/click-8.3.0-py3-none-any.whl", hash = "sha256:9b9f285302c6e3064f4330c05f05b81945b2a39544279343e6e7c5f27a9baddc", size = 107295 },
]

[[package]]
name = "colorama"
version = "0.4.6"
source = { registry = "https://pypi.org/simple" }
sdist = { url = "https://files.pythonhosted.org/packages/d8/53/6f443c9a4a8358a93a6792e2acffb9d9d5cb0a5cfd8802644b7b1c9a02e4/colorama-0.4.6.tar.gz", hash = "sha256:08695f5cb7ed6e0531a20572697297273c47b8cae5a63ffc6d6ed5c201be6e44", size = 27697 }
wheels = [
    { url = "https://files.pythonhosted.org/packages/d1/d6/3965ed04c63042e047cb6a3e6ed1a63a35087b6a609aa3a15ed8ac56c221/colorama-0.4.6-py2.py3-none-any.whl", hash = "sha256:4f1d9991f5acc0ca119f9d443620b77f9d6b33703e51011c16baf57afb285fc6", size = 25335 },
]

[[package]]
name = "combo"
version = "0.1.3"
source = { registry = "https://pypi.org/simple" }
dependencies = [
    { name = "joblib" },
    { name = "matplotlib" },
    { name = "numba" },
    { name = "numpy" },
    { name = "pyod" },
    { name = "scikit-learn" },
    { name = "scipy" },
]
sdist = { url = "https://files.pythonhosted.org/packages/ff/76/1c86426e35a8b1cd5f404db654d2a602bac27263063163ead1230066c1e6/combo-0.1.3.tar.gz", hash = "sha256:6536d6d2f0a7a3a136c2127ba82c4bd640fc245c282c2d0060ad49070e57f42a", size = 38527 }

[[package]]
name = "contourpy"
version = "1.3.2"
source = { registry = "https://pypi.org/simple" }
dependencies = [
    { name = "numpy" },
]
sdist = { url = "https://files.pythonhosted.org/packages/66/54/eb9bfc647b19f2009dd5c7f5ec51c4e6ca831725f1aea7a993034f483147/contourpy-1.3.2.tar.gz", hash = "sha256:b6945942715a034c671b7fc54f9588126b0b8bf23db2696e3ca8328f3ff0ab54", size = 13466130 }
wheels = [
    { url = "https://files.pythonhosted.org/packages/12/a3/da4153ec8fe25d263aa48c1a4cbde7f49b59af86f0b6f7862788c60da737/contourpy-1.3.2-cp310-cp310-macosx_10_9_x86_64.whl", hash = "sha256:ba38e3f9f330af820c4b27ceb4b9c7feee5fe0493ea53a8720f4792667465934", size = 268551 },
    { url = "https://files.pythonhosted.org/packages/2f/6c/330de89ae1087eb622bfca0177d32a7ece50c3ef07b28002de4757d9d875/contourpy-1.3.2-cp310-cp310-macosx_11_0_arm64.whl", hash = "sha256:dc41ba0714aa2968d1f8674ec97504a8f7e334f48eeacebcaa6256213acb0989", size = 253399 },
    { url = "https://files.pythonhosted.org/packages/c1/bd/20c6726b1b7f81a8bee5271bed5c165f0a8e1f572578a9d27e2ccb763cb2/contourpy-1.3.2-cp310-cp310-manylinux_2_17_aarch64.manylinux2014_aarch64.whl", hash = "sha256:9be002b31c558d1ddf1b9b415b162c603405414bacd6932d031c5b5a8b757f0d", size = 312061 },
    { url = "https://files.pythonhosted.org/packages/22/fc/a9665c88f8a2473f823cf1ec601de9e5375050f1958cbb356cdf06ef1ab6/contourpy-1.3.2-cp310-cp310-manylinux_2_17_ppc64le.manylinux2014_ppc64le.whl", hash = "sha256:8d2e74acbcba3bfdb6d9d8384cdc4f9260cae86ed9beee8bd5f54fee49a430b9", size = 351956 },
    { url = "https://files.pythonhosted.org/packages/25/eb/9f0a0238f305ad8fb7ef42481020d6e20cf15e46be99a1fcf939546a177e/contourpy-1.3.2-cp310-cp310-manylinux_2_17_s390x.manylinux2014_s390x.whl", hash = "sha256:e259bced5549ac64410162adc973c5e2fb77f04df4a439d00b478e57a0e65512", size = 320872 },
    { url = "https://files.pythonhosted.org/packages/32/5c/1ee32d1c7956923202f00cf8d2a14a62ed7517bdc0ee1e55301227fc273c/contourpy-1.3.2-cp310-cp310-manylinux_2_17_x86_64.manylinux2014_x86_64.whl", hash = "sha256:ad687a04bc802cbe8b9c399c07162a3c35e227e2daccf1668eb1f278cb698631", size = 325027 },
    { url = "https://files.pythonhosted.org/packages/83/bf/9baed89785ba743ef329c2b07fd0611d12bfecbedbdd3eeecf929d8d3b52/contourpy-1.3.2-cp310-cp310-musllinux_1_2_aarch64.whl", hash = "sha256:cdd22595308f53ef2f891040ab2b93d79192513ffccbd7fe19be7aa773a5e09f", size = 1306641 },
    { url = "https://files.pythonhosted.org/packages/d4/cc/74e5e83d1e35de2d28bd97033426b450bc4fd96e092a1f7a63dc7369b55d/contourpy-1.3.2-cp310-cp310-musllinux_1_2_x86_64.whl", hash = "sha256:b4f54d6a2defe9f257327b0f243612dd051cc43825587520b1bf74a31e2f6ef2", size = 1374075 },
    { url = "https://files.pythonhosted.org/packages/0c/42/17f3b798fd5e033b46a16f8d9fcb39f1aba051307f5ebf441bad1ecf78f8/contourpy-1.3.2-cp310-cp310-win32.whl", hash = "sha256:f939a054192ddc596e031e50bb13b657ce318cf13d264f095ce9db7dc6ae81c0", size = 177534 },
    { url = "https://files.pythonhosted.org/packages/54/ec/5162b8582f2c994721018d0c9ece9dc6ff769d298a8ac6b6a652c307e7df/contourpy-1.3.2-cp310-cp310-win_amd64.whl", hash = "sha256:c440093bbc8fc21c637c03bafcbef95ccd963bc6e0514ad887932c18ca2a759a", size = 221188 },
    { url = "https://files.pythonhosted.org/packages/33/05/b26e3c6ecc05f349ee0013f0bb850a761016d89cec528a98193a48c34033/contourpy-1.3.2-pp310-pypy310_pp73-macosx_10_15_x86_64.whl", hash = "sha256:fd93cc7f3139b6dd7aab2f26a90dde0aa9fc264dbf70f6740d498a70b860b82c", size = 265681 },
    { url = "https://files.pythonhosted.org/packages/2b/25/ac07d6ad12affa7d1ffed11b77417d0a6308170f44ff20fa1d5aa6333f03/contourpy-1.3.2-pp310-pypy310_pp73-manylinux_2_17_x86_64.manylinux2014_x86_64.whl", hash = "sha256:107ba8a6a7eec58bb475329e6d3b95deba9440667c4d62b9b6063942b61d7f16", size = 315101 },
    { url = "https://files.pythonhosted.org/packages/8f/4d/5bb3192bbe9d3f27e3061a6a8e7733c9120e203cb8515767d30973f71030/contourpy-1.3.2-pp310-pypy310_pp73-win_amd64.whl", hash = "sha256:ded1706ed0c1049224531b81128efbd5084598f18d8a2d9efae833edbd2b40ad", size = 220599 },
]

[[package]]
name = "cycler"
version = "0.12.1"
source = { registry = "https://pypi.org/simple" }
sdist = { url = "https://files.pythonhosted.org/packages/a9/95/a3dbbb5028f35eafb79008e7522a75244477d2838f38cbb722248dabc2a8/cycler-0.12.1.tar.gz", hash = "sha256:88bb128f02ba341da8ef447245a9e138fae777f6a23943da4540077d3601eb1c", size = 7615 }
wheels = [
    { url = "https://files.pythonhosted.org/packages/e7/05/c19819d5e3d95294a6f5947fb9b9629efb316b96de511b418c53d245aae6/cycler-0.12.1-py3-none-any.whl", hash = "sha256:85cef7cff222d8644161529808465972e51340599459b8ac3ccbac5a854e0d30", size = 8321 },
]

[[package]]
name = "dill"
version = "0.3.7"
source = { registry = "https://pypi.org/simple" }
sdist = { url = "https://files.pythonhosted.org/packages/c4/31/54dd222e02311c2dbc9e680d37cbd50f4494ce1ee9b04c69980e4ec26f38/dill-0.3.7.tar.gz", hash = "sha256:cc1c8b182eb3013e24bd475ff2e9295af86c1a38eb1aff128dac8962a9ce3c03", size = 183355 }
wheels = [
    { url = "https://files.pythonhosted.org/packages/f5/3a/74a29b11cf2cdfcd6ba89c0cecd70b37cd1ba7b77978ce611eb7a146a832/dill-0.3.7-py3-none-any.whl", hash = "sha256:76b122c08ef4ce2eedcd4d1abd8e641114bfc6c2867f49f3c41facf65bf19f5e", size = 115254 },
]

[[package]]
name = "filelock"
version = "3.19.1"
source = { registry = "https://pypi.org/simple" }
sdist = { url = "https://files.pythonhosted.org/packages/40/bb/0ab3e58d22305b6f5440629d20683af28959bf793d98d11950e305c1c326/filelock-3.19.1.tar.gz", hash = "sha256:66eda1888b0171c998b35be2bcc0f6d75c388a7ce20c3f3f37aa8e96c2dddf58", size = 17687 }
wheels = [
    { url = "https://files.pythonhosted.org/packages/42/14/42b2651a2f46b022ccd948bca9f2d5af0fd8929c4eec235b8d6d844fbe67/filelock-3.19.1-py3-none-any.whl", hash = "sha256:d38e30481def20772f5baf097c122c3babc4fcdb7e14e57049eb9d88c6dc017d", size = 15988 },
]

[[package]]
name = "fonttools"
version = "4.60.1"
source = { registry = "https://pypi.org/simple" }
sdist = { url = "https://files.pythonhosted.org/packages/4b/42/97a13e47a1e51a5a7142475bbcf5107fe3a68fc34aef331c897d5fb98ad0/fonttools-4.60.1.tar.gz", hash = "sha256:ef00af0439ebfee806b25f24c8f92109157ff3fac5731dc7867957812e87b8d9", size = 3559823 }
wheels = [
    { url = "https://files.pythonhosted.org/packages/26/70/03e9d89a053caff6ae46053890eba8e4a5665a7c5638279ed4492e6d4b8b/fonttools-4.60.1-cp310-cp310-macosx_10_9_universal2.whl", hash = "sha256:9a52f254ce051e196b8fe2af4634c2d2f02c981756c6464dc192f1b6050b4e28", size = 2810747 },
    { url = "https://files.pythonhosted.org/packages/6f/41/449ad5aff9670ab0df0f61ee593906b67a36d7e0b4d0cd7fa41ac0325bf5/fonttools-4.60.1-cp310-cp310-macosx_10_9_x86_64.whl", hash = "sha256:c7420a2696a44650120cdd269a5d2e56a477e2bfa9d95e86229059beb1c19e15", size = 2346909 },
    { url = "https://files.pythonhosted.org/packages/9a/18/e5970aa96c8fad1cb19a9479cc3b7602c0c98d250fcdc06a5da994309c50/fonttools-4.60.1-cp310-cp310-manylinux2014_aarch64.manylinux_2_17_aarch64.manylinux_2_28_aarch64.whl", hash = "sha256:ee0c0b3b35b34f782afc673d503167157094a16f442ace7c6c5e0ca80b08f50c", size = 4864572 },
    { url = "https://files.pythonhosted.org/packages/ce/20/9b2b4051b6ec6689480787d506b5003f72648f50972a92d04527a456192c/fonttools-4.60.1-cp310-cp310-manylinux2014_x86_64.manylinux_2_17_x86_64.whl", hash = "sha256:282dafa55f9659e8999110bd8ed422ebe1c8aecd0dc396550b038e6c9a08b8ea", size = 4794635 },
    { url = "https://files.pythonhosted.org/packages/10/52/c791f57347c1be98f8345e3dca4ac483eb97666dd7c47f3059aeffab8b59/fonttools-4.60.1-cp310-cp310-musllinux_1_2_aarch64.whl", hash = "sha256:4ba4bd646e86de16160f0fb72e31c3b9b7d0721c3e5b26b9fa2fc931dfdb2652", size = 4843878 },
    { url = "https://files.pythonhosted.org/packages/69/e9/35c24a8d01644cee8c090a22fad34d5b61d1e0a8ecbc9945ad785ebf2e9e/fonttools-4.60.1-cp310-cp310-musllinux_1_2_x86_64.whl", hash = "sha256:0b0835ed15dd5b40d726bb61c846a688f5b4ce2208ec68779bc81860adb5851a", size = 4954555 },
    { url = "https://files.pythonhosted.org/packages/f7/86/fb1e994971be4bdfe3a307de6373ef69a9df83fb66e3faa9c8114893d4cc/fonttools-4.60.1-cp310-cp310-win32.whl", hash = "sha256:1525796c3ffe27bb6268ed2a1bb0dcf214d561dfaf04728abf01489eb5339dce", size = 2232019 },
    { url = "https://files.pythonhosted.org/packages/40/84/62a19e2bd56f0e9fb347486a5b26376bade4bf6bbba64dda2c103bd08c94/fonttools-4.60.1-cp310-cp310-win_amd64.whl", hash = "sha256:268ecda8ca6cb5c4f044b1fb9b3b376e8cd1b361cef275082429dc4174907038", size = 2276803 },
    { url = "https://files.pythonhosted.org/packages/c7/93/0dd45cd283c32dea1545151d8c3637b4b8c53cdb3a625aeb2885b184d74d/fonttools-4.60.1-py3-none-any.whl", hash = "sha256:906306ac7afe2156fcf0042173d6ebbb05416af70f6b370967b47f8f00103bbb", size = 1143175 },
]

[[package]]
name = "idna"
version = "3.10"
source = { registry = "https://pypi.org/simple" }
sdist = { url = "https://files.pythonhosted.org/packages/f1/70/7703c29685631f5a7590aa73f1f1d3fa9a380e654b86af429e0934a32f7d/idna-3.10.tar.gz", hash = "sha256:12f65c9b470abda6dc35cf8e63cc574b1c52b11df2c86030af0ac09b01b13ea9", size = 190490 }
wheels = [
    { url = "https://files.pythonhosted.org/packages/76/c6/c88e154df9c4e1a2a66ccf0005a88dfb2650c1dffb6f5ce603dfbd452ce3/idna-3.10-py3-none-any.whl", hash = "sha256:946d195a0d259cbba61165e88e65941f16e9b36ea6ddb97f00452bae8b1287d3", size = 70442 },
]

[[package]]
name = "joblib"
version = "1.5.2"
source = { registry = "https://pypi.org/simple" }
sdist = { url = "https://files.pythonhosted.org/packages/e8/5d/447af5ea094b9e4c4054f82e223ada074c552335b9b4b2d14bd9b35a67c4/joblib-1.5.2.tar.gz", hash = "sha256:3faa5c39054b2f03ca547da9b2f52fde67c06240c31853f306aea97f13647b55", size = 331077 }
wheels = [
    { url = "https://files.pythonhosted.org/packages/1e/e8/685f47e0d754320684db4425a0967f7d3fa70126bffd76110b7009a0090f/joblib-1.5.2-py3-none-any.whl", hash = "sha256:4e1f0bdbb987e6d843c70cf43714cb276623def372df3c22fe5266b2670bc241", size = 308396 },
]

[[package]]
name = "kiwisolver"
version = "1.4.9"
source = { registry = "https://pypi.org/simple" }
sdist = { url = "https://files.pythonhosted.org/packages/5c/3c/85844f1b0feb11ee581ac23fe5fce65cd049a200c1446708cc1b7f922875/kiwisolver-1.4.9.tar.gz", hash = "sha256:c3b22c26c6fd6811b0ae8363b95ca8ce4ea3c202d3d0975b2914310ceb1bcc4d", size = 97564 }
wheels = [
    { url = "https://files.pythonhosted.org/packages/c6/5d/8ce64e36d4e3aac5ca96996457dcf33e34e6051492399a3f1fec5657f30b/kiwisolver-1.4.9-cp310-cp310-macosx_10_9_universal2.whl", hash = "sha256:b4b4d74bda2b8ebf4da5bd42af11d02d04428b2c32846e4c2c93219df8a7987b", size = 124159 },
    { url = "https://files.pythonhosted.org/packages/96/1e/22f63ec454874378175a5f435d6ea1363dd33fb2af832c6643e4ccea0dc8/kiwisolver-1.4.9-cp310-cp310-macosx_10_9_x86_64.whl", hash = "sha256:fb3b8132019ea572f4611d770991000d7f58127560c4889729248eb5852a102f", size = 66578 },
    { url = "https://files.pythonhosted.org/packages/41/4c/1925dcfff47a02d465121967b95151c82d11027d5ec5242771e580e731bd/kiwisolver-1.4.9-cp310-cp310-macosx_11_0_arm64.whl", hash = "sha256:84fd60810829c27ae375114cd379da1fa65e6918e1da405f356a775d49a62bcf", size = 65312 },
    { url = "https://files.pythonhosted.org/packages/d4/42/0f333164e6307a0687d1eb9ad256215aae2f4bd5d28f4653d6cd319a3ba3/kiwisolver-1.4.9-cp310-cp310-manylinux_2_12_x86_64.manylinux2010_x86_64.whl", hash = "sha256:b78efa4c6e804ecdf727e580dbb9cba85624d2e1c6b5cb059c66290063bd99a9", size = 1628458 },
    { url = "https://files.pythonhosted.org/packages/86/b6/2dccb977d651943995a90bfe3495c2ab2ba5cd77093d9f2318a20c9a6f59/kiwisolver-1.4.9-cp310-cp310-manylinux_2_24_aarch64.manylinux_2_28_aarch64.whl", hash = "sha256:d4efec7bcf21671db6a3294ff301d2fc861c31faa3c8740d1a94689234d1b415", size = 1225640 },
    { url = "https://files.pythonhosted.org/packages/50/2b/362ebd3eec46c850ccf2bfe3e30f2fc4c008750011f38a850f088c56a1c6/kiwisolver-1.4.9-cp310-cp310-manylinux_2_24_ppc64le.manylinux_2_28_ppc64le.whl", hash = "sha256:90f47e70293fc3688b71271100a1a5453aa9944a81d27ff779c108372cf5567b", size = 1244074 },
    { url = "https://files.pythonhosted.org/packages/6f/bb/f09a1e66dab8984773d13184a10a29fe67125337649d26bdef547024ed6b/kiwisolver-1.4.9-cp310-cp310-manylinux_2_24_s390x.manylinux_2_28_s390x.whl", hash = "sha256:8fdca1def57a2e88ef339de1737a1449d6dbf5fab184c54a1fca01d541317154", size = 1293036 },
    { url = "https://files.pythonhosted.org/packages/ea/01/11ecf892f201cafda0f68fa59212edaea93e96c37884b747c181303fccd1/kiwisolver-1.4.9-cp310-cp310-musllinux_1_2_aarch64.whl", hash = "sha256:9cf554f21be770f5111a1690d42313e140355e687e05cf82cb23d0a721a64a48", size = 2175310 },
    { url = "https://files.pythonhosted.org/packages/7f/5f/bfe11d5b934f500cc004314819ea92427e6e5462706a498c1d4fc052e08f/kiwisolver-1.4.9-cp310-cp310-musllinux_1_2_ppc64le.whl", hash = "sha256:fc1795ac5cd0510207482c3d1d3ed781143383b8cfd36f5c645f3897ce066220", size = 2270943 },
    { url = "https://files.pythonhosted.org/packages/3d/de/259f786bf71f1e03e73d87e2db1a9a3bcab64d7b4fd780167123161630ad/kiwisolver-1.4.9-cp310-cp310-musllinux_1_2_s390x.whl", hash = "sha256:ccd09f20ccdbbd341b21a67ab50a119b64a403b09288c27481575105283c1586", size = 2440488 },
    { url = "https://files.pythonhosted.org/packages/1b/76/c989c278faf037c4d3421ec07a5c452cd3e09545d6dae7f87c15f54e4edf/kiwisolver-1.4.9-cp310-cp310-musllinux_1_2_x86_64.whl", hash = "sha256:540c7c72324d864406a009d72f5d6856f49693db95d1fbb46cf86febef873634", size = 2246787 },
    { url = "https://files.pythonhosted.org/packages/a2/55/c2898d84ca440852e560ca9f2a0d28e6e931ac0849b896d77231929900e7/kiwisolver-1.4.9-cp310-cp310-win_amd64.whl", hash = "sha256:ede8c6d533bc6601a47ad4046080d36b8fc99f81e6f1c17b0ac3c2dc91ac7611", size = 73730 },
    { url = "https://files.pythonhosted.org/packages/e8/09/486d6ac523dd33b80b368247f238125d027964cfacb45c654841e88fb2ae/kiwisolver-1.4.9-cp310-cp310-win_arm64.whl", hash = "sha256:7b4da0d01ac866a57dd61ac258c5607b4cd677f63abaec7b148354d2b2cdd536", size = 65036 },
    { url = "https://files.pythonhosted.org/packages/a2/63/fde392691690f55b38d5dd7b3710f5353bf7a8e52de93a22968801ab8978/kiwisolver-1.4.9-pp310-pypy310_pp73-macosx_10_15_x86_64.whl", hash = "sha256:4d1d9e582ad4d63062d34077a9a1e9f3c34088a2ec5135b1f7190c07cf366527", size = 60183 },
    { url = "https://files.pythonhosted.org/packages/27/b1/6aad34edfdb7cced27f371866f211332bba215bfd918ad3322a58f480d8b/kiwisolver-1.4.9-pp310-pypy310_pp73-macosx_11_0_arm64.whl", hash = "sha256:deed0c7258ceb4c44ad5ec7d9918f9f14fd05b2be86378d86cf50e63d1e7b771", size = 58675 },
    { url = "https://files.pythonhosted.org/packages/9d/1a/23d855a702bb35a76faed5ae2ba3de57d323f48b1f6b17ee2176c4849463/kiwisolver-1.4.9-pp310-pypy310_pp73-manylinux2014_x86_64.manylinux_2_17_x86_64.whl", hash = "sha256:0a590506f303f512dff6b7f75fd2fd18e16943efee932008fe7140e5fa91d80e", size = 80277 },
    { url = "https://files.pythonhosted.org/packages/5a/5b/5239e3c2b8fb5afa1e8508f721bb77325f740ab6994d963e61b2b7abcc1e/kiwisolver-1.4.9-pp310-pypy310_pp73-manylinux_2_24_aarch64.manylinux_2_28_aarch64.whl", hash = "sha256:e09c2279a4d01f099f52d5c4b3d9e208e91edcbd1a175c9662a8b16e000fece9", size = 77994 },
    { url = "https://files.pythonhosted.org/packages/f9/1c/5d4d468fb16f8410e596ed0eac02d2c68752aa7dc92997fe9d60a7147665/kiwisolver-1.4.9-pp310-pypy310_pp73-win_amd64.whl", hash = "sha256:c9e7cdf45d594ee04d5be1b24dd9d49f3d1590959b2271fb30b5ca2b262c00fb", size = 73744 },
]

[[package]]
name = "llvmlite"
version = "0.45.1"
source = { registry = "https://pypi.org/simple" }
sdist = { url = "https://files.pythonhosted.org/packages/99/8d/5baf1cef7f9c084fb35a8afbde88074f0d6a727bc63ef764fe0e7543ba40/llvmlite-0.45.1.tar.gz", hash = "sha256:09430bb9d0bb58fc45a45a57c7eae912850bedc095cd0810a57de109c69e1c32", size = 185600 }
wheels = [
    { url = "https://files.pythonhosted.org/packages/cf/6d/585c84ddd9d2a539a3c3487792b3cf3f988e28ec4fa281bf8b0e055e1166/llvmlite-0.45.1-cp310-cp310-macosx_10_15_x86_64.whl", hash = "sha256:1b1af0c910af0978aa55fa4f60bbb3e9f39b41e97c2a6d94d199897be62ba07a", size = 43043523 },
    { url = "https://files.pythonhosted.org/packages/ae/34/992bd12d3ff245e0801bcf6013961daa8c19c9b9c2e61cb4b8bce94566f9/llvmlite-0.45.1-cp310-cp310-macosx_11_0_arm64.whl", hash = "sha256:02a164db2d79088bbd6e0d9633b4fe4021d6379d7e4ac7cc85ed5f44b06a30c5", size = 37253122 },
    { url = "https://files.pythonhosted.org/packages/a6/7b/6d7585998a5991fa74dc925aae57913ba8c7c2efff909de9d34cc1cd3c27/llvmlite-0.45.1-cp310-cp310-manylinux2014_x86_64.manylinux_2_17_x86_64.whl", hash = "sha256:f2d47f34e4029e6df3395de34cc1c66440a8d72712993a6e6168db228686711b", size = 56288210 },
    { url = "https://files.pythonhosted.org/packages/b5/e2/a4abea058633bfc82eb08fd69ce242c118fdb9b0abad1fdcbe0bc6aedab5/llvmlite-0.45.1-cp310-cp310-manylinux_2_27_aarch64.manylinux_2_28_aarch64.whl", hash = "sha256:f7319e5f9f90720578a7f56fbc805bdfb4bc071b507c7611f170d631c3c0f1e0", size = 55140958 },
    { url = "https://files.pythonhosted.org/packages/74/c0/233468e96ed287b953239c3b24b1d69df47c6ba9262bfdca98eda7e83a04/llvmlite-0.45.1-cp310-cp310-win_amd64.whl", hash = "sha256:4edb62e685867799e336723cb9787ec6598d51d0b1ed9af0f38e692aa757e898", size = 38132232 },
]

[[package]]
name = "matplotlib"
version = "3.10.6"
source = { registry = "https://pypi.org/simple" }
dependencies = [
    { name = "contourpy" },
    { name = "cycler" },
    { name = "fonttools" },
    { name = "kiwisolver" },
    { name = "numpy" },
    { name = "packaging" },
    { name = "pillow" },
    { name = "pyparsing" },
    { name = "python-dateutil" },
]
sdist = { url = "https://files.pythonhosted.org/packages/a0/59/c3e6453a9676ffba145309a73c462bb407f4400de7de3f2b41af70720a3c/matplotlib-3.10.6.tar.gz", hash = "sha256:ec01b645840dd1996df21ee37f208cd8ba57644779fa20464010638013d3203c", size = 34804264 }
wheels = [
    { url = "https://files.pythonhosted.org/packages/da/dc/ab89f7a5efd0cbaaebf2c3cf1881f4cba20c8925bb43f64511059df76895/matplotlib-3.10.6-cp310-cp310-macosx_10_12_x86_64.whl", hash = "sha256:bc7316c306d97463a9866b89d5cc217824e799fa0de346c8f68f4f3d27c8693d", size = 8247159 },
    { url = "https://files.pythonhosted.org/packages/30/a5/ddaee1a383ab28174093644fff7438eddb87bf8dbd58f7b85f5cdd6b2485/matplotlib-3.10.6-cp310-cp310-macosx_11_0_arm64.whl", hash = "sha256:d00932b0d160ef03f59f9c0e16d1e3ac89646f7785165ce6ad40c842db16cc2e", size = 8108011 },
    { url = "https://files.pythonhosted.org/packages/75/5b/a53f69bb0522db352b1135bb57cd9fe00fd7252072409392d991d3a755d0/matplotlib-3.10.6-cp310-cp310-manylinux2014_x86_64.manylinux_2_17_x86_64.whl", hash = "sha256:8fa4c43d6bfdbfec09c733bca8667de11bfa4970e8324c471f3a3632a0301c15", size = 8680518 },
    { url = "https://files.pythonhosted.org/packages/5f/31/e059ddce95f68819b005a2d6820b2d6ed0307827a04598891f00649bed2d/matplotlib-3.10.6-cp310-cp310-manylinux_2_27_aarch64.manylinux_2_28_aarch64.whl", hash = "sha256:ea117a9c1627acaa04dbf36265691921b999cbf515a015298e54e1a12c3af837", size = 9514997 },
    { url = "https://files.pythonhosted.org/packages/66/d5/28b408a7c0f07b41577ee27e4454fe329e78ca21fe46ae7a27d279165fb5/matplotlib-3.10.6-cp310-cp310-musllinux_1_2_x86_64.whl", hash = "sha256:08fc803293b4e1694ee325896030de97f74c141ccff0be886bb5915269247676", size = 9566440 },
    { url = "https://files.pythonhosted.org/packages/2d/99/8325b3386b479b1d182ab1a7fd588fd393ff00a99dc04b7cf7d06668cf0f/matplotlib-3.10.6-cp310-cp310-win_amd64.whl", hash = "sha256:2adf92d9b7527fbfb8818e050260f0ebaa460f79d61546374ce73506c9421d09", size = 8108186 },
    { url = "https://files.pythonhosted.org/packages/17/6f/2551e45bea2938e0363ccdd54fa08dae7605ce782d4332497d31a7b97672/matplotlib-3.10.6-pp310-pypy310_pp73-macosx_10_15_x86_64.whl", hash = "sha256:13fcd07ccf17e354398358e0307a1f53f5325dca22982556ddb9c52837b5af41", size = 8241220 },
    { url = "https://files.pythonhosted.org/packages/54/7e/0f4c6e8b98105fdb162a4efde011af204ca47d7c05d735aff480ebfead1b/matplotlib-3.10.6-pp310-pypy310_pp73-macosx_11_0_arm64.whl", hash = "sha256:470fc846d59d1406e34fa4c32ba371039cd12c2fe86801159a965956f2575bd1", size = 8104624 },
    { url = "https://files.pythonhosted.org/packages/27/27/c29696702b9317a6ade1ba6f8861e02d7423f18501729203d7a80b686f23/matplotlib-3.10.6-pp310-pypy310_pp73-manylinux2014_x86_64.manylinux_2_17_x86_64.whl", hash = "sha256:f7173f8551b88f4ef810a94adae3128c2530e0d07529f7141be7f8d8c365f051", size = 8682271 },
]

[[package]]
name = "nltk"
version = "3.8.1"
source = { registry = "https://pypi.org/simple" }
dependencies = [
    { name = "click" },
    { name = "joblib" },
    { name = "regex" },
    { name = "tqdm" },
]
sdist = { url = "https://files.pythonhosted.org/packages/57/49/51af17a2b0d850578d0022408802aa452644d40281a6c6e82f7cb0235ddb/nltk-3.8.1.zip", hash = "sha256:1834da3d0682cba4f2cede2f9aad6b0fafb6461ba451db0efb6f9c39798d64d3", size = 4620388 }
wheels = [
    { url = "https://files.pythonhosted.org/packages/a6/0a/0d20d2c0f16be91b9fa32a77b76c60f9baf6eba419e5ef5deca17af9c582/nltk-3.8.1-py3-none-any.whl", hash = "sha256:fd5c9109f976fa86bcadba8f91e47f5e9293bd034474752e92a520f81c93dda5", size = 1510663 },
]

[[package]]
name = "numba"
version = "0.62.1"
source = { registry = "https://pypi.org/simple" }
dependencies = [
    { name = "llvmlite" },
    { name = "numpy" },
]
sdist = { url = "https://files.pythonhosted.org/packages/a3/20/33dbdbfe60e5fd8e3dbfde299d106279a33d9f8308346022316781368591/numba-0.62.1.tar.gz", hash = "sha256:7b774242aa890e34c21200a1fc62e5b5757d5286267e71103257f4e2af0d5161", size = 2749817 }
wheels = [
    { url = "https://files.pythonhosted.org/packages/f5/27/a5a9a58f267ec3b72f609789b2a8eefd6156bd7117e41cc9b7cf5de30490/numba-0.62.1-cp310-cp310-macosx_10_15_x86_64.whl", hash = "sha256:a323df9d36a0da1ca9c592a6baaddd0176d9f417ef49a65bb81951dce69d941a", size = 2684281 },
    { url = "https://files.pythonhosted.org/packages/3a/9d/ffc091c0bfd7b80f66df3887a7061b6af80c8c2649902444026ee1454391/numba-0.62.1-cp310-cp310-macosx_11_0_arm64.whl", hash = "sha256:e1e1f4781d3f9f7c23f16eb04e76ca10b5a3516e959634bd226fc48d5d8e7a0a", size = 2687311 },
    { url = "https://files.pythonhosted.org/packages/a1/13/9a27bcd0baeea236116070c7df458414336f25e9dd5a872b066cf36b74bf/numba-0.62.1-cp310-cp310-manylinux2014_x86_64.manylinux_2_17_x86_64.whl", hash = "sha256:14432af305ea68627a084cd702124fd5d0c1f5b8a413b05f4e14757202d1cf6c", size = 3734548 },
    { url = "https://files.pythonhosted.org/packages/a7/00/17a1ac4a60253c784ce59549375e047da98330b82de7df6ac7f4ecc90902/numba-0.62.1-cp310-cp310-manylinux_2_27_aarch64.manylinux_2_28_aarch64.whl", hash = "sha256:f180922adf159ae36c2fe79fb94ffaa74cf5cb3688cb72dba0a904b91e978507", size = 3441277 },
    { url = "https://files.pythonhosted.org/packages/86/94/20ae0ff78612c4697eaf942a639db01dd4e2d90f634ac41fa3e015c961fc/numba-0.62.1-cp310-cp310-win_amd64.whl", hash = "sha256:f41834909d411b4b8d1c68f745144136f21416547009c1e860cc2098754b4ca7", size = 2745647 },
]

[[package]]
name = "numpy"
version = "1.26.4"
source = { registry = "https://pypi.org/simple" }
sdist = { url = "https://files.pythonhosted.org/packages/65/6e/09db70a523a96d25e115e71cc56a6f9031e7b8cd166c1ac8438307c14058/numpy-1.26.4.tar.gz", hash = "sha256:2a02aba9ed12e4ac4eb3ea9421c420301a0c6460d9830d74a9df87efa4912010", size = 15786129 }
wheels = [
    { url = "https://files.pythonhosted.org/packages/a7/94/ace0fdea5241a27d13543ee117cbc65868e82213fb31a8eb7fe9ff23f313/numpy-1.26.4-cp310-cp310-macosx_10_9_x86_64.whl", hash = "sha256:9ff0f4f29c51e2803569d7a51c2304de5554655a60c5d776e35b4a41413830d0", size = 20631468 },
    { url = "https://files.pythonhosted.org/packages/20/f7/b24208eba89f9d1b58c1668bc6c8c4fd472b20c45573cb767f59d49fb0f6/numpy-1.26.4-cp310-cp310-macosx_11_0_arm64.whl", hash = "sha256:2e4ee3380d6de9c9ec04745830fd9e2eccb3e6cf790d39d7b98ffd19b0dd754a", size = 13966411 },
    { url = "https://files.pythonhosted.org/packages/fc/a5/4beee6488160798683eed5bdb7eead455892c3b4e1f78d79d8d3f3b084ac/numpy-1.26.4-cp310-cp310-manylinux_2_17_aarch64.manylinux2014_aarch64.whl", hash = "sha256:d209d8969599b27ad20994c8e41936ee0964e6da07478d6c35016bc386b66ad4", size = 14219016 },
    { url = "https://files.pythonhosted.org/packages/4b/d7/ecf66c1cd12dc28b4040b15ab4d17b773b87fa9d29ca16125de01adb36cd/numpy-1.26.4-cp310-cp310-manylinux_2_17_x86_64.manylinux2014_x86_64.whl", hash = "sha256:ffa75af20b44f8dba823498024771d5ac50620e6915abac414251bd971b4529f", size = 18240889 },
    { url = "https://files.pythonhosted.org/packages/24/03/6f229fe3187546435c4f6f89f6d26c129d4f5bed40552899fcf1f0bf9e50/numpy-1.26.4-cp310-cp310-musllinux_1_1_aarch64.whl", hash = "sha256:62b8e4b1e28009ef2846b4c7852046736bab361f7aeadeb6a5b89ebec3c7055a", size = 13876746 },
    { url = "https://files.pythonhosted.org/packages/39/fe/39ada9b094f01f5a35486577c848fe274e374bbf8d8f472e1423a0bbd26d/numpy-1.26.4-cp310-cp310-musllinux_1_1_x86_64.whl", hash = "sha256:a4abb4f9001ad2858e7ac189089c42178fcce737e4169dc61321660f1a96c7d2", size = 18078620 },
    { url = "https://files.pythonhosted.org/packages/d5/ef/6ad11d51197aad206a9ad2286dc1aac6a378059e06e8cf22cd08ed4f20dc/numpy-1.26.4-cp310-cp310-win32.whl", hash = "sha256:bfe25acf8b437eb2a8b2d49d443800a5f18508cd811fea3181723922a8a82b07", size = 5972659 },
    { url = "https://files.pythonhosted.org/packages/19/77/538f202862b9183f54108557bfda67e17603fc560c384559e769321c9d92/numpy-1.26.4-cp310-cp310-win_amd64.whl", hash = "sha256:b97fe8060236edf3662adfc2c633f56a08ae30560c56310562cb4f95500022d5", size = 15808905 },
]

[[package]]
name = "packaging"
version = "25.0"
source = { registry = "https://pypi.org/simple" }
sdist = { url = "https://files.pythonhosted.org/packages/a1/d4/1fc4078c65507b51b96ca8f8c3ba19e6a61c8253c72794544580a7b6c24d/packaging-25.0.tar.gz", hash = "sha256:d443872c98d677bf60f6a1f2f8c1cb748e8fe762d2bf9d3148b5599295b0fc4f", size = 165727 }
wheels = [
    { url = "https://files.pythonhosted.org/packages/20/12/38679034af332785aac8774540895e234f4d07f7545804097de4b666afd8/packaging-25.0-py3-none-any.whl", hash = "sha256:29572ef2b1f17581046b3a2227d5c611fb25ec70ca1ba8554b24b0e69331a484", size = 66469 },
]

[[package]]
name = "pillow"
version = "11.3.0"
source = { registry = "https://pypi.org/simple" }
sdist = { url = "https://files.pythonhosted.org/packages/f3/0d/d0d6dea55cd152ce3d6767bb38a8fc10e33796ba4ba210cbab9354b6d238/pillow-11.3.0.tar.gz", hash = "sha256:3828ee7586cd0b2091b6209e5ad53e20d0649bbe87164a459d0676e035e8f523", size = 47113069 }
wheels = [
    { url = "https://files.pythonhosted.org/packages/4c/5d/45a3553a253ac8763f3561371432a90bdbe6000fbdcf1397ffe502aa206c/pillow-11.3.0-cp310-cp310-macosx_10_10_x86_64.whl", hash = "sha256:1b9c17fd4ace828b3003dfd1e30bff24863e0eb59b535e8f80194d9cc7ecf860", size = 5316554 },
    { url = "https://files.pythonhosted.org/packages/7c/c8/67c12ab069ef586a25a4a79ced553586748fad100c77c0ce59bb4983ac98/pillow-11.3.0-cp310-cp310-macosx_11_0_arm64.whl", hash = "sha256:65dc69160114cdd0ca0f35cb434633c75e8e7fad4cf855177a05bf38678f73ad", size = 4686548 },
    { url = "https://files.pythonhosted.org/packages/2f/bd/6741ebd56263390b382ae4c5de02979af7f8bd9807346d068700dd6d5cf9/pillow-11.3.0-cp310-cp310-manylinux2014_aarch64.manylinux_2_17_aarch64.whl", hash = "sha256:7107195ddc914f656c7fc8e4a5e1c25f32e9236ea3ea860f257b0436011fddd0", size = 5859742 },
    { url = "https://files.pythonhosted.org/packages/ca/0b/c412a9e27e1e6a829e6ab6c2dca52dd563efbedf4c9c6aa453d9a9b77359/pillow-11.3.0-cp310-cp310-manylinux2014_x86_64.manylinux_2_17_x86_64.whl", hash = "sha256:cc3e831b563b3114baac7ec2ee86819eb03caa1a2cef0b481a5675b59c4fe23b", size = 7633087 },
    { url = "https://files.pythonhosted.org/packages/59/9d/9b7076aaf30f5dd17e5e5589b2d2f5a5d7e30ff67a171eb686e4eecc2adf/pillow-11.3.0-cp310-cp310-manylinux_2_27_aarch64.manylinux_2_28_aarch64.whl", hash = "sha256:f1f182ebd2303acf8c380a54f615ec883322593320a9b00438eb842c1f37ae50", size = 5963350 },
    { url = "https://files.pythonhosted.org/packages/f0/16/1a6bf01fb622fb9cf5c91683823f073f053005c849b1f52ed613afcf8dae/pillow-11.3.0-cp310-cp310-manylinux_2_27_x86_64.manylinux_2_28_x86_64.whl", hash = "sha256:4445fa62e15936a028672fd48c4c11a66d641d2c05726c7ec1f8ba6a572036ae", size = 6631840 },
    { url = "https://files.pythonhosted.org/packages/7b/e6/6ff7077077eb47fde78739e7d570bdcd7c10495666b6afcd23ab56b19a43/pillow-11.3.0-cp310-cp310-musllinux_1_2_aarch64.whl", hash = "sha256:71f511f6b3b91dd543282477be45a033e4845a40278fa8dcdbfdb07109bf18f9", size = 6074005 },
    { url = "https://files.pythonhosted.org/packages/c3/3a/b13f36832ea6d279a697231658199e0a03cd87ef12048016bdcc84131601/pillow-11.3.0-cp310-cp310-musllinux_1_2_x86_64.whl", hash = "sha256:040a5b691b0713e1f6cbe222e0f4f74cd233421e105850ae3b3c0ceda520f42e", size = 6708372 },
    { url = "https://files.pythonhosted.org/packages/6c/e4/61b2e1a7528740efbc70b3d581f33937e38e98ef3d50b05007267a55bcb2/pillow-11.3.0-cp310-cp310-win32.whl", hash = "sha256:89bd777bc6624fe4115e9fac3352c79ed60f3bb18651420635f26e643e3dd1f6", size = 6277090 },
    { url = "https://files.pythonhosted.org/packages/a9/d3/60c781c83a785d6afbd6a326ed4d759d141de43aa7365725cbcd65ce5e54/pillow-11.3.0-cp310-cp310-win_amd64.whl", hash = "sha256:19d2ff547c75b8e3ff46f4d9ef969a06c30ab2d4263a9e287733aa8b2429ce8f", size = 6985988 },
    { url = "https://files.pythonhosted.org/packages/9f/28/4f4a0203165eefb3763939c6789ba31013a2e90adffb456610f30f613850/pillow-11.3.0-cp310-cp310-win_arm64.whl", hash = "sha256:819931d25e57b513242859ce1876c58c59dc31587847bf74cfe06b2e0cb22d2f", size = 2422899 },
    { url = "https://files.pythonhosted.org/packages/6f/8b/209bd6b62ce8367f47e68a218bffac88888fdf2c9fcf1ecadc6c3ec1ebc7/pillow-11.3.0-pp310-pypy310_pp73-macosx_10_15_x86_64.whl", hash = "sha256:3cee80663f29e3843b68199b9d6f4f54bd1d4a6b59bdd91bceefc51238bcb967", size = 5270556 },
    { url = "https://files.pythonhosted.org/packages/2e/e6/231a0b76070c2cfd9e260a7a5b504fb72da0a95279410fa7afd99d9751d6/pillow-11.3.0-pp310-pypy310_pp73-macosx_11_0_arm64.whl", hash = "sha256:b5f56c3f344f2ccaf0dd875d3e180f631dc60a51b314295a3e681fe8cf851fbe", size = 4654625 },
    { url = "https://files.pythonhosted.org/packages/13/f4/10cf94fda33cb12765f2397fc285fa6d8eb9c29de7f3185165b702fc7386/pillow-11.3.0-pp310-pypy310_pp73-manylinux2014_aarch64.manylinux_2_17_aarch64.whl", hash = "sha256:e67d793d180c9df62f1f40aee3accca4829d3794c95098887edc18af4b8b780c", size = 4874207 },
    { url = "https://files.pythonhosted.org/packages/72/c9/583821097dc691880c92892e8e2d41fe0a5a3d6021f4963371d2f6d57250/pillow-11.3.0-pp310-pypy310_pp73-manylinux2014_x86_64.manylinux_2_17_x86_64.whl", hash = "sha256:d000f46e2917c705e9fb93a3606ee4a819d1e3aa7a9b442f6444f07e77cf5e25", size = 6583939 },
    { url = "https://files.pythonhosted.org/packages/3b/8e/5c9d410f9217b12320efc7c413e72693f48468979a013ad17fd690397b9a/pillow-11.3.0-pp310-pypy310_pp73-manylinux_2_27_aarch64.manylinux_2_28_aarch64.whl", hash = "sha256:527b37216b6ac3a12d7838dc3bd75208ec57c1c6d11ef01902266a5a0c14fc27", size = 4957166 },
    { url = "https://files.pythonhosted.org/packages/62/bb/78347dbe13219991877ffb3a91bf09da8317fbfcd4b5f9140aeae020ad71/pillow-11.3.0-pp310-pypy310_pp73-manylinux_2_27_x86_64.manylinux_2_28_x86_64.whl", hash = "sha256:be5463ac478b623b9dd3937afd7fb7ab3d79dd290a28e2b6df292dc75063eb8a", size = 5581482 },
    { url = "https://files.pythonhosted.org/packages/d9/28/1000353d5e61498aaeaaf7f1e4b49ddb05f2c6575f9d4f9f914a3538b6e1/pillow-11.3.0-pp310-pypy310_pp73-win_amd64.whl", hash = "sha256:8dc70ca24c110503e16918a658b869019126ecfe03109b754c402daff12b3d9f", size = 6984596 },
]

[[package]]
name = "platformdirs"
version = "4.4.0"
source = { registry = "https://pypi.org/simple" }
sdist = { url = "https://files.pythonhosted.org/packages/23/e8/21db9c9987b0e728855bd57bff6984f67952bea55d6f75e055c46b5383e8/platformdirs-4.4.0.tar.gz", hash = "sha256:ca753cf4d81dc309bc67b0ea38fd15dc97bc30ce419a7f58d13eb3bf14c4febf", size = 21634 }
wheels = [
    { url = "https://files.pythonhosted.org/packages/40/4b/2028861e724d3bd36227adfa20d3fd24c3fc6d52032f4a93c133be5d17ce/platformdirs-4.4.0-py3-none-any.whl", hash = "sha256:abd01743f24e5287cd7a5db3752faf1a2d65353f38ec26d98e25a6db65958c85", size = 18654 },
]

[[package]]
name = "pyod"
version = "2.0.5"
source = { registry = "https://pypi.org/simple" }
dependencies = [
    { name = "joblib" },
    { name = "matplotlib" },
    { name = "numba" },
    { name = "numpy" },
    { name = "scikit-learn" },
    { name = "scipy" },
]
sdist = { url = "https://files.pythonhosted.org/packages/9b/08/285c2fa790a095a212c9300ed77b69bf1e90233853cb260ac0edcbb1b029/pyod-2.0.5.tar.gz", hash = "sha256:c1c2d2f3e8ebfb047c9b5da556cce924e64f7eeb1ad9d5af1455843ec13cb3d1", size = 169761 }
wheels = [
    { url = "https://files.pythonhosted.org/packages/29/38/dee2fc597010654c3a7588f0990192680c5f2d405fbf6f2e5f5c4df1c736/pyod-2.0.5-py3-none-any.whl", hash = "sha256:1a3182529c68e388be0671840bb11f83d5d1deb738ad931d294881f7d50e4fdb", size = 200628 },
]

[[package]]
name = "pyparsing"
version = "3.2.5"
source = { registry = "https://pypi.org/simple" }
sdist = { url = "https://files.pythonhosted.org/packages/f2/a5/181488fc2b9d093e3972d2a472855aae8a03f000592dbfce716a512b3359/pyparsing-3.2.5.tar.gz", hash = "sha256:2df8d5b7b2802ef88e8d016a2eb9c7aeaa923529cd251ed0fe4608275d4105b6", size = 1099274 }
wheels = [
    { url = "https://files.pythonhosted.org/packages/10/5e/1aa9a93198c6b64513c9d7752de7422c06402de6600a8767da1524f9570b/pyparsing-3.2.5-py3-none-any.whl", hash = "sha256:e38a4f02064cf41fe6593d328d0512495ad1f3d8a91c4f73fc401b3079a59a5e", size = 113890 },
]

[[package]]
name = "python-dateutil"
version = "2.9.0.post0"
source = { registry = "https://pypi.org/simple" }
dependencies = [
    { name = "six" },
]
sdist = { url = "https://files.pythonhosted.org/packages/66/c0/0c8b6ad9f17a802ee498c46e004a0eb49bc148f2fd230864601a86dcf6db/python-dateutil-2.9.0.post0.tar.gz", hash = "sha256:37dd54208da7e1cd875388217d5e00ebd4179249f90fb72437e91a35459a0ad3", size = 342432 }
wheels = [
    { url = "https://files.pythonhosted.org/packages/ec/57/56b9bcc3c9c6a792fcbaf139543cee77261f3651ca9da0c93f5c1221264b/python_dateutil-2.9.0.post0-py2.py3-none-any.whl", hash = "sha256:a8b2bc7bffae282281c8140a97d3aa9c14da0b136dfe83f850eea9a5f7470427", size = 229892 },
]

[[package]]
name = "regex"
version = "2025.9.18"
source = { registry = "https://pypi.org/simple" }
sdist = { url = "https://files.pythonhosted.org/packages/49/d3/eaa0d28aba6ad1827ad1e716d9a93e1ba963ada61887498297d3da715133/regex-2025.9.18.tar.gz", hash = "sha256:c5ba23274c61c6fef447ba6a39333297d0c247f53059dba0bca415cac511edc4", size = 400917 }
wheels = [
    { url = "https://files.pythonhosted.org/packages/7e/d8/7e06171db8e55f917c5b8e89319cea2d86982e3fc46b677f40358223dece/regex-2025.9.18-cp310-cp310-macosx_10_9_universal2.whl", hash = "sha256:12296202480c201c98a84aecc4d210592b2f55e200a1d193235c4db92b9f6788", size = 484829 },
    { url = "https://files.pythonhosted.org/packages/8d/70/bf91bb39e5bedf75ce730ffbaa82ca585584d13335306d637458946b8b9f/regex-2025.9.18-cp310-cp310-macosx_10_9_x86_64.whl", hash = "sha256:220381f1464a581f2ea988f2220cf2a67927adcef107d47d6897ba5a2f6d51a4", size = 288993 },
    { url = "https://files.pythonhosted.org/packages/fe/89/69f79b28365eda2c46e64c39d617d5f65a2aa451a4c94de7d9b34c2dc80f/regex-2025.9.18-cp310-cp310-macosx_11_0_arm64.whl", hash = "sha256:87f681bfca84ebd265278b5daa1dcb57f4db315da3b5d044add7c30c10442e61", size = 286624 },
    { url = "https://files.pythonhosted.org/packages/44/31/81e62955726c3a14fcc1049a80bc716765af6c055706869de5e880ddc783/regex-2025.9.18-cp310-cp310-manylinux2014_aarch64.manylinux_2_17_aarch64.manylinux_2_28_aarch64.whl", hash = "sha256:34d674cbba70c9398074c8a1fcc1a79739d65d1105de2a3c695e2b05ea728251", size = 780473 },
    { url = "https://files.pythonhosted.org/packages/fb/23/07072b7e191fbb6e213dc03b2f5b96f06d3c12d7deaded84679482926fc7/regex-2025.9.18-cp310-cp310-manylinux2014_ppc64le.manylinux_2_17_ppc64le.manylinux_2_28_ppc64le.whl", hash = "sha256:385c9b769655cb65ea40b6eea6ff763cbb6d69b3ffef0b0db8208e1833d4e746", size = 849290 },
    { url = "https://files.pythonhosted.org/packages/b3/f0/aec7f6a01f2a112210424d77c6401b9015675fb887ced7e18926df4ae51e/regex-2025.9.18-cp310-cp310-manylinux2014_s390x.manylinux_2_17_s390x.manylinux_2_28_s390x.whl", hash = "sha256:8900b3208e022570ae34328712bef6696de0804c122933414014bae791437ab2", size = 897335 },
    { url = "https://files.pythonhosted.org/packages/cc/90/2e5f9da89d260de7d0417ead91a1bc897f19f0af05f4f9323313b76c47f2/regex-2025.9.18-cp310-cp310-manylinux2014_x86_64.manylinux_2_17_x86_64.manylinux_2_28_x86_64.whl", hash = "sha256:c204e93bf32cd7a77151d44b05eb36f469d0898e3fba141c026a26b79d9914a0", size = 789946 },
    { url = "https://files.pythonhosted.org/packages/2b/d5/1c712c7362f2563d389be66bae131c8bab121a3fabfa04b0b5bfc9e73c51/regex-2025.9.18-cp310-cp310-manylinux2014_x86_64.manylinux_2_17_x86_64.whl", hash = "sha256:3acc471d1dd7e5ff82e6cacb3b286750decd949ecd4ae258696d04f019817ef8", size = 780787 },
    { url = "https://files.pythonhosted.org/packages/4f/92/c54cdb4aa41009632e69817a5aa452673507f07e341076735a2f6c46a37c/regex-2025.9.18-cp310-cp310-musllinux_1_2_aarch64.whl", hash = "sha256:6479d5555122433728760e5f29edb4c2b79655a8deb681a141beb5c8a025baea", size = 773632 },
    { url = "https://files.pythonhosted.org/packages/db/99/75c996dc6a2231a8652d7ad0bfbeaf8a8c77612d335580f520f3ec40e30b/regex-2025.9.18-cp310-cp310-musllinux_1_2_ppc64le.whl", hash = "sha256:431bd2a8726b000eb6f12429c9b438a24062a535d06783a93d2bcbad3698f8a8", size = 844104 },
    { url = "https://files.pythonhosted.org/packages/1c/f7/25aba34cc130cb6844047dbfe9716c9b8f9629fee8b8bec331aa9241b97b/regex-2025.9.18-cp310-cp310-musllinux_1_2_s390x.whl", hash = "sha256:0cc3521060162d02bd36927e20690129200e5ac9d2c6d32b70368870b122db25", size = 834794 },
    { url = "https://files.pythonhosted.org/packages/51/eb/64e671beafa0ae29712268421597596d781704973551312b2425831d4037/regex-2025.9.18-cp310-cp310-musllinux_1_2_x86_64.whl", hash = "sha256:a021217b01be2d51632ce056d7a837d3fa37c543ede36e39d14063176a26ae29", size = 778535 },
    { url = "https://files.pythonhosted.org/packages/26/33/c0ebc0b07bd0bf88f716cca240546b26235a07710ea58e271cfe390ae273/regex-2025.9.18-cp310-cp310-win32.whl", hash = "sha256:4a12a06c268a629cb67cc1d009b7bb0be43e289d00d5111f86a2efd3b1949444", size = 264115 },
    { url = "https://files.pythonhosted.org/packages/59/39/aeb11a4ae68faaec2498512cadae09f2d8a91f1f65730fe62b9bffeea150/regex-2025.9.18-cp310-cp310-win_amd64.whl", hash = "sha256:47acd811589301298c49db2c56bde4f9308d6396da92daf99cba781fa74aa450", size = 276143 },
    { url = "https://files.pythonhosted.org/packages/29/04/37f2d3fc334a1031fc2767c9d89cec13c2e72207c7e7f6feae8a47f4e149/regex-2025.9.18-cp310-cp310-win_arm64.whl", hash = "sha256:16bd2944e77522275e5ee36f867e19995bcaa533dcb516753a26726ac7285442", size = 268473 },
]

[[package]]
name = "scikit-learn"
version = "1.3.0"
source = { registry = "https://pypi.org/simple" }
dependencies = [
    { name = "joblib" },
    { name = "numpy" },
    { name = "scipy" },
    { name = "threadpoolctl" },
]
sdist = { url = "https://files.pythonhosted.org/packages/72/cd/4761675df1b3dd93072c89697278f3ed3dc004a60c034cd2603c43ff64b5/scikit-learn-1.3.0.tar.gz", hash = "sha256:8be549886f5eda46436b6e555b0e4873b4f10aa21c07df45c4bc1735afbccd7a", size = 7483039 }
wheels = [
    { url = "https://files.pythonhosted.org/packages/35/d3/83a3e7144da980604a20e27b6f1e8a2164ab324310d69a82f2cff1da6326/scikit_learn-1.3.0-cp310-cp310-macosx_10_9_x86_64.whl", hash = "sha256:981287869e576d42c682cf7ca96af0c6ac544ed9316328fd0d9292795c742cf5", size = 10194651 },
    { url = "https://files.pythonhosted.org/packages/e1/5f/0b5b11fd766b674b0eb887e15006175503f23c230ced2a22fb186262e1e5/scikit_learn-1.3.0-cp310-cp310-macosx_12_0_arm64.whl", hash = "sha256:436aaaae2c916ad16631142488e4c82f4296af2404f480e031d866863425d2a2", size = 9464609 },
    { url = "https://files.pythonhosted.org/packages/a0/61/970fbef9dcb224023f2c2ddf19b13e5a96b5185705c4a075108bbe7fa7f9/scikit_learn-1.3.0-cp310-cp310-manylinux_2_17_aarch64.manylinux2014_aarch64.whl", hash = "sha256:c7e28d8fa47a0b30ae1bd7a079519dd852764e31708a7804da6cb6f8b36e3630", size = 10289043 },
    { url = "https://files.pythonhosted.org/packages/5c/e9/ee572691a3fb05555bcde41826faad29ae4bc1fb07982e7f53d54a176879/scikit_learn-1.3.0-cp310-cp310-manylinux_2_17_x86_64.manylinux2014_x86_64.whl", hash = "sha256:ae80c08834a473d08a204d966982a62e11c976228d306a2648c575e3ead12111", size = 10804028 },
    { url = "https://files.pythonhosted.org/packages/96/cf/a714a655266229b51eb2bda117f15275f12457887f165f3c1cc58ab502f1/scikit_learn-1.3.0-cp310-cp310-win_amd64.whl", hash = "sha256:552fd1b6ee22900cf1780d7386a554bb96949e9a359999177cf30211e6b20df6", size = 9241046 },
]

[[package]]
name = "scipy"
version = "1.11.4"
source = { registry = "https://pypi.org/simple" }
dependencies = [
    { name = "numpy" },
]
sdist = { url = "https://files.pythonhosted.org/packages/6e/1f/91144ba78dccea567a6466262922786ffc97be1e9b06ed9574ef0edc11e1/scipy-1.11.4.tar.gz", hash = "sha256:90a2b78e7f5733b9de748f589f09225013685f9b218275257f8a8168ededaeaa", size = 56336202 }
wheels = [
    { url = "https://files.pythonhosted.org/packages/34/c6/a32add319475d21f89733c034b99c81b3a7c6c7c19f96f80c7ca3ff1bbd4/scipy-1.11.4-cp310-cp310-macosx_10_9_x86_64.whl", hash = "sha256:bc9a714581f561af0848e6b69947fda0614915f072dfd14142ed1bfe1b806710", size = 37293259 },
    { url = "https://files.pythonhosted.org/packages/de/0d/4fa68303568c70fd56fbf40668b6c6807cfee4cad975f07d80bdd26d013e/scipy-1.11.4-cp310-cp310-macosx_12_0_arm64.whl", hash = "sha256:cf00bd2b1b0211888d4dc75656c0412213a8b25e80d73898083f402b50f47e41", size = 29760656 },
    { url = "https://files.pythonhosted.org/packages/13/e5/8012be7857db6cbbbdbeea8a154dbacdfae845e95e1e19c028e82236d4a0/scipy-1.11.4-cp310-cp310-manylinux_2_17_aarch64.manylinux2014_aarch64.whl", hash = "sha256:b9999c008ccf00e8fbcce1236f85ade5c569d13144f77a1946bef8863e8f6eb4", size = 32922489 },
    { url = "https://files.pythonhosted.org/packages/e0/9e/80e2205d138960a49caea391f3710600895dd8292b6868dc9aff7aa593f9/scipy-1.11.4-cp310-cp310-manylinux_2_17_x86_64.manylinux2014_x86_64.whl", hash = "sha256:933baf588daa8dc9a92c20a0be32f56d43faf3d1a60ab11b3f08c356430f6e56", size = 36442040 },
    { url = "https://files.pythonhosted.org/packages/69/60/30a9c3fbe5066a3a93eefe3e2d44553df13587e6f792e1bff20dfed3d17e/scipy-1.11.4-cp310-cp310-musllinux_1_1_x86_64.whl", hash = "sha256:8fce70f39076a5aa62e92e69a7f62349f9574d8405c0a5de6ed3ef72de07f446", size = 36643257 },
    { url = "https://files.pythonhosted.org/packages/f8/ec/b46756f80e3f4c5f0989f6e4492c2851f156d9c239d554754a3c8cffd4e2/scipy-1.11.4-cp310-cp310-win_amd64.whl", hash = "sha256:6550466fbeec7453d7465e74d4f4b19f905642c89a7525571ee91dd7adabb5a3", size = 44149285 },
]

[[package]]
name = "six"
version = "1.17.0"
source = { registry = "https://pypi.org/simple" }
sdist = { url = "https://files.pythonhosted.org/packages/94/e7/b2c673351809dca68a0e064b6af791aa332cf192da575fd474ed7d6f16a2/six-1.17.0.tar.gz", hash = "sha256:ff70335d468e7eb6ec65b95b99d3a2836546063f63acc5171de367e834932a81", size = 34031 }
wheels = [
    { url = "https://files.pythonhosted.org/packages/b7/ce/149a00dd41f10bc29e5921b496af8b574d8413afcd5e30dfa0ed46c2cc5e/six-1.17.0-py2.py3-none-any.whl", hash = "sha256:4721f391ed90541fddacab5acf947aa0d3dc7d27b2e1e8eda2be8970586c3274", size = 11050 },
]

[[package]]
name = "soupsieve"
version = "2.8"
source = { registry = "https://pypi.org/simple" }
sdist = { url = "https://files.pythonhosted.org/packages/6d/e6/21ccce3262dd4889aa3332e5a119a3491a95e8f60939870a3a035aabac0d/soupsieve-2.8.tar.gz", hash = "sha256:e2dd4a40a628cb5f28f6d4b0db8800b8f581b65bb380b97de22ba5ca8d72572f", size = 103472 }
wheels = [
    { url = "https://files.pythonhosted.org/packages/14/a0/bb38d3b76b8cae341dad93a2dd83ab7462e6dbcdd84d43f54ee60a8dc167/soupsieve-2.8-py3-none-any.whl", hash = "sha256:0cc76456a30e20f5d7f2e14a98a4ae2ee4e5abdc7c5ea0aafe795f344bc7984c", size = 36679 },
]

[[package]]
name = "spam-filter"
version = "1.0.0"
source = { virtual = "." }
dependencies = [
    { name = "beautifulsoup4" },
    { name = "combo" },
    { name = "dill" },
    { name = "nltk" },
    { name = "scikit-learn" },
    { name = "scipy" },
    { name = "urlextract" },
]

[package.metadata]
requires-dist = [
    { name = "beautifulsoup4", specifier = "==4.12.2" },
    { name = "combo", specifier = "==0.1.3" },
    { name = "dill", specifier = "==0.3.7" },
    { name = "nltk", specifier = "==3.8.1" },
    { name = "scikit-learn", specifier = "==1.3.0" },
    { name = "scipy", specifier = "==1.11.4" },
    { name = "urlextract", specifier = "==1.8.0" },
]

[[package]]
name = "threadpoolctl"
version = "3.6.0"
source = { registry = "https://pypi.org/simple" }
sdist = { url = "https://files.pythonhosted.org/packages/b7/4d/08c89e34946fce2aec4fbb45c9016efd5f4d7f24af8e5d93296e935631d8/threadpoolctl-3.6.0.tar.gz", hash = "sha256:8ab8b4aa3491d812b623328249fab5302a68d2d71745c8a4c719a2fcaba9f44e", size = 21274 }
wheels = [
    { url = "https://files.pythonhosted.org/packages/32/d5/f9a850d79b0851d1d4ef6456097579a9005b31fea68726a4ae5f2d82ddd9/threadpoolctl-3.6.0-py3-none-any.whl", hash = "sha256:43a0b8fd5a2928500110039e43a5eed8480b918967083ea48dc3ab9f13c4a7fb", size = 18638 },
]

[[package]]
name = "tqdm"
version = "4.67.1"
source = { registry = "https://pypi.org/simple" }
dependencies = [
    { name = "colorama", marker = "sys_platform == 'win32'" },
]
sdist = { url = "https://files.pythonhosted.org/packages/a8/4b/29b4ef32e036bb34e4ab51796dd745cdba7ed47ad142a9f4a1eb8e0c744d/tqdm-4.67.1.tar.gz", hash = "sha256:f8aef9c52c08c13a65f30ea34f4e5aac3fd1a34959879d7e59e63027286627f2", size = 169737 }
wheels = [
    { url = "https://files.pythonhosted.org/packages/d0/30/dc54f88dd4a2b5dc8a0279bdd7270e735851848b762aeb1c1184ed1f6b14/tqdm-4.67.1-py3-none-any.whl", hash = "sha256:26445eca388f82e72884e0d580d5464cd801a3ea01e63e5601bdff9ba6a48de2", size = 78540 },
]

[[package]]
name = "uritools"
version = "5.0.0"
source = { registry = "https://pypi.org/simple" }
sdist = { url = "https://files.pythonhosted.org/packages/36/b1/e482d43db3209663b82a59e37cf31f641254180190667c6b0bf18a297de8/uritools-5.0.0.tar.gz", hash = "sha256:68180cad154062bd5b5d9ffcdd464f8de6934414b25462ae807b00b8df9345de", size = 22730 }
wheels = [
    { url = "https://files.pythonhosted.org/packages/8c/74/0987d204b5fbf83861affa6b36a20da22cb3fe708583b955c99ab834bd5a/uritools-5.0.0-py3-none-any.whl", hash = "sha256:cead3a49ba8fbca3f91857343849d506d8639718f4a2e51b62e87393b493bd6f", size = 10432 },
]

[[package]]
name = "urlextract"
version = "1.8.0"
source = { registry = "https://pypi.org/simple" }
dependencies = [
    { name = "filelock" },
    { name = "idna" },
    { name = "platformdirs" },
    { name = "uritools" },
]
sdist = { url = "https://files.pythonhosted.org/packages/10/8a/8f849baeab481e054b1db7fd5fff58b8d2c8360e9320bc8d0f174c305e50/urlextract-1.8.0.tar.gz", hash = "sha256:3573f6b812814efe06ca46e91e82d984edaa3cd07daaaaa296a467ad9881a037", size = 34945 }
wheels = [
    { url = "https://files.pythonhosted.org/packages/71/cd/884ee7fcb7be3f3354539368da1e9419639a369f85c83f340fa21e504992/urlextract-1.8.0-py3-none-any.whl", hash = "sha256:98b38aca4a555116e8b46e5a134b9e4e54e351b8e37169d2857730d1d0ce42c7", size = 21332 },
]
